// !$*UTF8*$!
{
	archiveVersion = 1;
	classes = {
	};
	objectVersion = 46;
	objects = {

/* Begin PBXBuildFile section */
		1853B1131F00F6A50061491D /* CGM_ShareAutoViewTests.m in Sources */ = {isa = PBXBuildFile; fileRef = 1853B1121F00F6A50061491D /* CGM_ShareAutoViewTests.m */; };
		1853B11E1F00F6A50061491D /* CGM_ShareAutoViewUITests.m in Sources */ = {isa = PBXBuildFile; fileRef = 1853B11D1F00F6A50061491D /* CGM_ShareAutoViewUITests.m */; };
		F70AE7B61FF330A800A1A6A2 /* Assets.xcassets in Resources */ = {isa = PBXBuildFile; fileRef = F70AE7AC1FF330A800A1A6A2 /* Assets.xcassets */; };
		F70AE7B71FF330A800A1A6A2 /* ViewController.m in Sources */ = {isa = PBXBuildFile; fileRef = F70AE7AD1FF330A800A1A6A2 /* ViewController.m */; };
		F70AE7B81FF330A800A1A6A2 /* LaunchScreen.storyboard in Resources */ = {isa = PBXBuildFile; fileRef = F70AE7AE1FF330A800A1A6A2 /* LaunchScreen.storyboard */; };
		F70AE7B91FF330A800A1A6A2 /* Main.storyboard in Resources */ = {isa = PBXBuildFile; fileRef = F70AE7B01FF330A800A1A6A2 /* Main.storyboard */; };
		F70AE7BA1FF330A800A1A6A2 /* main.m in Sources */ = {isa = PBXBuildFile; fileRef = F70AE7B21FF330A800A1A6A2 /* main.m */; };
		F70AE7BB1FF330A800A1A6A2 /* AppDelegate.m in Sources */ = {isa = PBXBuildFile; fileRef = F70AE7B31FF330A800A1A6A2 /* AppDelegate.m */; };
		F70AE7BC1FF330A800A1A6A2 /* Info.plist in Resources */ = {isa = PBXBuildFile; fileRef = F70AE7B41FF330A800A1A6A2 /* Info.plist */; };
		F70AE7D61FF334BA00A1A6A2 /* CGM_AlertContoller.m in Sources */ = {isa = PBXBuildFile; fileRef = F70AE7C91FF334BA00A1A6A2 /* CGM_AlertContoller.m */; };
		F70AE7D71FF334BA00A1A6A2 /* XC_optionViewCell.m in Sources */ = {isa = PBXBuildFile; fileRef = F70AE7CC1FF334BA00A1A6A2 /* XC_optionViewCell.m */; };
		F70AE7D81FF334BA00A1A6A2 /* XC_optionViewCell.xib in Resources */ = {isa = PBXBuildFile; fileRef = F70AE7CD1FF334BA00A1A6A2 /* XC_optionViewCell.xib */; };
		F70AE7D91FF334BA00A1A6A2 /* XC_OptionView.m in Sources */ = {isa = PBXBuildFile; fileRef = F70AE7CE1FF334BA00A1A6A2 /* XC_OptionView.m */; };
		F70AE7DA1FF334BA00A1A6A2 /* CGM_shareView.m in Sources */ = {isa = PBXBuildFile; fileRef = F70AE7D11FF334BA00A1A6A2 /* CGM_shareView.m */; };
		F70AE7DB1FF334BA00A1A6A2 /* CGM_shareCell.m in Sources */ = {isa = PBXBuildFile; fileRef = F70AE7D21FF334BA00A1A6A2 /* CGM_shareCell.m */; };
		F70AE7DC1FF334BA00A1A6A2 /* CGM_shareCell.xib in Resources */ = {isa = PBXBuildFile; fileRef = F70AE7D51FF334BA00A1A6A2 /* CGM_shareCell.xib */; };
		F70AE7DF1FF3447D00A1A6A2 /* Demo1ViewController.m in Sources */ = {isa = PBXBuildFile; fileRef = F70AE7DE1FF3447D00A1A6A2 /* Demo1ViewController.m */; };
		F70AE7E21FF3787F00A1A6A2 /* Foundation+Log.m in Sources */ = {isa = PBXBuildFile; fileRef = F70AE7E11FF3787F00A1A6A2 /* Foundation+Log.m */; };
		F70AE7E51FF37A4700A1A6A2 /* Demo2ViewController.m in Sources */ = {isa = PBXBuildFile; fileRef = F70AE7E41FF37A4700A1A6A2 /* Demo2ViewController.m */; };
		F70AE7E81FF380E200A1A6A2 /* Demo2CustomView.m in Sources */ = {isa = PBXBuildFile; fileRef = F70AE7E71FF380E200A1A6A2 /* Demo2CustomView.m */; };
		F70AE7EA1FF380EC00A1A6A2 /* Demo2CustomView.xib in Resources */ = {isa = PBXBuildFile; fileRef = F70AE7E91FF380EC00A1A6A2 /* Demo2CustomView.xib */; };
		F70AE7ED1FF38B4500A1A6A2 /* Demo3ViewController.m in Sources */ = {isa = PBXBuildFile; fileRef = F70AE7EC1FF38B4500A1A6A2 /* Demo3ViewController.m */; };
		F7A5387C2008EEB100488DA3 /* XC_optionsModel.m in Sources */ = {isa = PBXBuildFile; fileRef = F7A5387B2008EEB100488DA3 /* XC_optionsModel.m */; };
/* End PBXBuildFile section */

/* Begin PBXContainerItemProxy section */
		1853B10F1F00F6A50061491D /* PBXContainerItemProxy */ = {
			isa = PBXContainerItemProxy;
			containerPortal = 1853B0ED1F00F6A50061491D /* Project object */;
			proxyType = 1;
			remoteGlobalIDString = 1853B0F41F00F6A50061491D;
			remoteInfo = CGM_ShareAutoView;
		};
		1853B11A1F00F6A50061491D /* PBXContainerItemProxy */ = {
			isa = PBXContainerItemProxy;
			containerPortal = 1853B0ED1F00F6A50061491D /* Project object */;
			proxyType = 1;
			remoteGlobalIDString = 1853B0F41F00F6A50061491D;
			remoteInfo = CGM_ShareAutoView;
		};
/* End PBXContainerItemProxy section */

/* Begin PBXFileReference section */
		1853B0F51F00F6A50061491D /* CGM_ShareAutoView.app */ = {isa = PBXFileReference; explicitFileType = wrapper.application; includeInIndex = 0; path = CGM_ShareAutoView.app; sourceTree = BUILT_PRODUCTS_DIR; };
		1853B10E1F00F6A50061491D /* CGM_ShareAutoViewTests.xctest */ = {isa = PBXFileReference; explicitFileType = wrapper.cfbundle; includeInIndex = 0; path = CGM_ShareAutoViewTests.xctest; sourceTree = BUILT_PRODUCTS_DIR; };
		1853B1121F00F6A50061491D /* CGM_ShareAutoViewTests.m */ = {isa = PBXFileReference; lastKnownFileType = sourcecode.c.objc; path = CGM_ShareAutoViewTests.m; sourceTree = "<group>"; };
		1853B1141F00F6A50061491D /* Info.plist */ = {isa = PBXFileReference; lastKnownFileType = text.plist.xml; path = Info.plist; sourceTree = "<group>"; };
		1853B1191F00F6A50061491D /* CGM_ShareAutoViewUITests.xctest */ = {isa = PBXFileReference; explicitFileType = wrapper.cfbundle; includeInIndex = 0; path = CGM_ShareAutoViewUITests.xctest; sourceTree = BUILT_PRODUCTS_DIR; };
		1853B11D1F00F6A50061491D /* CGM_ShareAutoViewUITests.m */ = {isa = PBXFileReference; lastKnownFileType = sourcecode.c.objc; path = CGM_ShareAutoViewUITests.m; sourceTree = "<group>"; };
		1853B11F1F00F6A50061491D /* Info.plist */ = {isa = PBXFileReference; lastKnownFileType = text.plist.xml; path = Info.plist; sourceTree = "<group>"; };
		F70AE7AB1FF330A800A1A6A2 /* AppDelegate.h */ = {isa = PBXFileReference; fileEncoding = 4; lastKnownFileType = sourcecode.c.h; path = AppDelegate.h; sourceTree = "<group>"; };
		F70AE7AC1FF330A800A1A6A2 /* Assets.xcassets */ = {isa = PBXFileReference; lastKnownFileType = folder.assetcatalog; path = Assets.xcassets; sourceTree = "<group>"; };
		F70AE7AD1FF330A800A1A6A2 /* ViewController.m */ = {isa = PBXFileReference; fileEncoding = 4; lastKnownFileType = sourcecode.c.objc; path = ViewController.m; sourceTree = "<group>"; };
		F70AE7AF1FF330A800A1A6A2 /* Base */ = {isa = PBXFileReference; lastKnownFileType = file.storyboard; name = Base; path = Base.lproj/LaunchScreen.storyboard; sourceTree = "<group>"; };
		F70AE7B11FF330A800A1A6A2 /* Base */ = {isa = PBXFileReference; lastKnownFileType = file.storyboard; name = Base; path = Base.lproj/Main.storyboard; sourceTree = "<group>"; };
		F70AE7B21FF330A800A1A6A2 /* main.m */ = {isa = PBXFileReference; fileEncoding = 4; lastKnownFileType = sourcecode.c.objc; path = main.m; sourceTree = "<group>"; };
		F70AE7B31FF330A800A1A6A2 /* AppDelegate.m */ = {isa = PBXFileReference; fileEncoding = 4; lastKnownFileType = sourcecode.c.objc; path = AppDelegate.m; sourceTree = "<group>"; };
		F70AE7B41FF330A800A1A6A2 /* Info.plist */ = {isa = PBXFileReference; fileEncoding = 4; lastKnownFileType = text.plist.xml; path = Info.plist; sourceTree = "<group>"; };
		F70AE7B51FF330A800A1A6A2 /* ViewController.h */ = {isa = PBXFileReference; fileEncoding = 4; lastKnownFileType = sourcecode.c.h; path = ViewController.h; sourceTree = "<group>"; };
		F70AE7C81FF334BA00A1A6A2 /* CGM_AlertContoller.h */ = {isa = PBXFileReference; fileEncoding = 4; lastKnownFileType = sourcecode.c.h; path = CGM_AlertContoller.h; sourceTree = "<group>"; };
		F70AE7C91FF334BA00A1A6A2 /* CGM_AlertContoller.m */ = {isa = PBXFileReference; fileEncoding = 4; lastKnownFileType = sourcecode.c.objc; path = CGM_AlertContoller.m; sourceTree = "<group>"; };
		F70AE7CB1FF334BA00A1A6A2 /* XC_OptionView.h */ = {isa = PBXFileReference; fileEncoding = 4; lastKnownFileType = sourcecode.c.h; path = XC_OptionView.h; sourceTree = "<group>"; };
		F70AE7CC1FF334BA00A1A6A2 /* XC_optionViewCell.m */ = {isa = PBXFileReference; fileEncoding = 4; lastKnownFileType = sourcecode.c.objc; path = XC_optionViewCell.m; sourceTree = "<group>"; };
		F70AE7CD1FF334BA00A1A6A2 /* XC_optionViewCell.xib */ = {isa = PBXFileReference; fileEncoding = 4; lastKnownFileType = file.xib; path = XC_optionViewCell.xib; sourceTree = "<group>"; };
		F70AE7CE1FF334BA00A1A6A2 /* XC_OptionView.m */ = {isa = PBXFileReference; fileEncoding = 4; lastKnownFileType = sourcecode.c.objc; path = XC_OptionView.m; sourceTree = "<group>"; };
		F70AE7CF1FF334BA00A1A6A2 /* XC_optionViewCell.h */ = {isa = PBXFileReference; fileEncoding = 4; lastKnownFileType = sourcecode.c.h; path = XC_optionViewCell.h; sourceTree = "<group>"; };
		F70AE7D11FF334BA00A1A6A2 /* CGM_shareView.m */ = {isa = PBXFileReference; fileEncoding = 4; lastKnownFileType = sourcecode.c.objc; path = CGM_shareView.m; sourceTree = "<group>"; };
		F70AE7D21FF334BA00A1A6A2 /* CGM_shareCell.m */ = {isa = PBXFileReference; fileEncoding = 4; lastKnownFileType = sourcecode.c.objc; path = CGM_shareCell.m; sourceTree = "<group>"; };
		F70AE7D31FF334BA00A1A6A2 /* CGM_shareView.h */ = {isa = PBXFileReference; fileEncoding = 4; lastKnownFileType = sourcecode.c.h; path = CGM_shareView.h; sourceTree = "<group>"; };
		F70AE7D41FF334BA00A1A6A2 /* CGM_shareCell.h */ = {isa = PBXFileReference; fileEncoding = 4; lastKnownFileType = sourcecode.c.h; path = CGM_shareCell.h; sourceTree = "<group>"; };
		F70AE7D51FF334BA00A1A6A2 /* CGM_shareCell.xib */ = {isa = PBXFileReference; fileEncoding = 4; lastKnownFileType = file.xib; path = CGM_shareCell.xib; sourceTree = "<group>"; };
		F70AE7DD1FF3447D00A1A6A2 /* Demo1ViewController.h */ = {isa = PBXFileReference; lastKnownFileType = sourcecode.c.h; path = Demo1ViewController.h; sourceTree = "<group>"; };
		F70AE7DE1FF3447D00A1A6A2 /* Demo1ViewController.m */ = {isa = PBXFileReference; lastKnownFileType = sourcecode.c.objc; path = Demo1ViewController.m; sourceTree = "<group>"; };
		F70AE7E01FF349CB00A1A6A2 /* PrefixHeader.pch */ = {isa = PBXFileReference; lastKnownFileType = sourcecode.c.h; path = PrefixHeader.pch; sourceTree = "<group>"; };
		F70AE7E11FF3787F00A1A6A2 /* Foundation+Log.m */ = {isa = PBXFileReference; fileEncoding = 4; lastKnownFileType = sourcecode.c.objc; path = "Foundation+Log.m"; sourceTree = "<group>"; };
		F70AE7E31FF37A4700A1A6A2 /* Demo2ViewController.h */ = {isa = PBXFileReference; lastKnownFileType = sourcecode.c.h; path = Demo2ViewController.h; sourceTree = "<group>"; };
		F70AE7E41FF37A4700A1A6A2 /* Demo2ViewController.m */ = {isa = PBXFileReference; lastKnownFileType = sourcecode.c.objc; path = Demo2ViewController.m; sourceTree = "<group>"; };
		F70AE7E61FF380E200A1A6A2 /* Demo2CustomView.h */ = {isa = PBXFileReference; lastKnownFileType = sourcecode.c.h; path = Demo2CustomView.h; sourceTree = "<group>"; };
		F70AE7E71FF380E200A1A6A2 /* Demo2CustomView.m */ = {isa = PBXFileReference; lastKnownFileType = sourcecode.c.objc; path = Demo2CustomView.m; sourceTree = "<group>"; };
		F70AE7E91FF380EC00A1A6A2 /* Demo2CustomView.xib */ = {isa = PBXFileReference; lastKnownFileType = file.xib; path = Demo2CustomView.xib; sourceTree = "<group>"; };
		F70AE7EB1FF38B4500A1A6A2 /* Demo3ViewController.h */ = {isa = PBXFileReference; lastKnownFileType = sourcecode.c.h; path = Demo3ViewController.h; sourceTree = "<group>"; };
		F70AE7EC1FF38B4500A1A6A2 /* Demo3ViewController.m */ = {isa = PBXFileReference; lastKnownFileType = sourcecode.c.objc; path = Demo3ViewController.m; sourceTree = "<group>"; };
		F7A5387A2008EEB100488DA3 /* XC_optionsModel.h */ = {isa = PBXFileReference; lastKnownFileType = sourcecode.c.h; path = XC_optionsModel.h; sourceTree = "<group>"; };
		F7A5387B2008EEB100488DA3 /* XC_optionsModel.m */ = {isa = PBXFileReference; lastKnownFileType = sourcecode.c.objc; path = XC_optionsModel.m; sourceTree = "<group>"; };
/* End PBXFileReference section */

/* Begin PBXFrameworksBuildPhase section */
		1853B0F21F00F6A50061491D /* Frameworks */ = {
			isa = PBXFrameworksBuildPhase;
			buildActionMask = 2147483647;
			files = (
			);
			runOnlyForDeploymentPostprocessing = 0;
		};
		1853B10B1F00F6A50061491D /* Frameworks */ = {
			isa = PBXFrameworksBuildPhase;
			buildActionMask = 2147483647;
			files = (
			);
			runOnlyForDeploymentPostprocessing = 0;
		};
		1853B1161F00F6A50061491D /* Frameworks */ = {
			isa = PBXFrameworksBuildPhase;
			buildActionMask = 2147483647;
			files = (
			);
			runOnlyForDeploymentPostprocessing = 0;
		};
/* End PBXFrameworksBuildPhase section */

/* Begin PBXGroup section */
		1853B0EC1F00F6A50061491D = {
			isa = PBXGroup;
			children = (
				F70AE7C61FF334BA00A1A6A2 /* Tools */,
				F70AE7C11FF3344F00A1A6A2 /* Class */,
				F70AE7AA1FF330A800A1A6A2 /* CGM_ShareAutoView */,
				1853B1111F00F6A50061491D /* CGM_ShareAutoViewTests */,
				1853B11C1F00F6A50061491D /* CGM_ShareAutoViewUITests */,
				1853B0F61F00F6A50061491D /* Products */,
			);
			sourceTree = "<group>";
		};
		1853B0F61F00F6A50061491D /* Products */ = {
			isa = PBXGroup;
			children = (
				1853B0F51F00F6A50061491D /* CGM_ShareAutoView.app */,
				1853B10E1F00F6A50061491D /* CGM_ShareAutoViewTests.xctest */,
				1853B1191F00F6A50061491D /* CGM_ShareAutoViewUITests.xctest */,
			);
			name = Products;
			sourceTree = "<group>";
		};
		1853B1111F00F6A50061491D /* CGM_ShareAutoViewTests */ = {
			isa = PBXGroup;
			children = (
				1853B1121F00F6A50061491D /* CGM_ShareAutoViewTests.m */,
				1853B1141F00F6A50061491D /* Info.plist */,
			);
			path = CGM_ShareAutoViewTests;
			sourceTree = "<group>";
		};
		1853B11C1F00F6A50061491D /* CGM_ShareAutoViewUITests */ = {
			isa = PBXGroup;
			children = (
				1853B11D1F00F6A50061491D /* CGM_ShareAutoViewUITests.m */,
				1853B11F1F00F6A50061491D /* Info.plist */,
			);
			path = CGM_ShareAutoViewUITests;
			sourceTree = "<group>";
		};
		F70AE7AA1FF330A800A1A6A2 /* CGM_ShareAutoView */ = {
			isa = PBXGroup;
			children = (
				F70AE7E11FF3787F00A1A6A2 /* Foundation+Log.m */,
				F70AE7AB1FF330A800A1A6A2 /* AppDelegate.h */,
				F70AE7B51FF330A800A1A6A2 /* ViewController.h */,
				F70AE7AD1FF330A800A1A6A2 /* ViewController.m */,
				F70AE7B31FF330A800A1A6A2 /* AppDelegate.m */,
				F70AE7B21FF330A800A1A6A2 /* main.m */,
				F70AE7AE1FF330A800A1A6A2 /* LaunchScreen.storyboard */,
				F70AE7B01FF330A800A1A6A2 /* Main.storyboard */,
				F70AE7AC1FF330A800A1A6A2 /* Assets.xcassets */,
				F70AE7B41FF330A800A1A6A2 /* Info.plist */,
				F70AE7E01FF349CB00A1A6A2 /* PrefixHeader.pch */,
			);
			path = CGM_ShareAutoView;
			sourceTree = "<group>";
		};
		F70AE7C11FF3344F00A1A6A2 /* Class */ = {
			isa = PBXGroup;
			children = (
				F70AE7C31FF3344F00A1A6A2 /* Demo3 */,
				F70AE7C21FF3344F00A1A6A2 /* Demo2 */,
				F70AE7C51FF3344F00A1A6A2 /* Demo1 */,
			);
			path = Class;
			sourceTree = "<group>";
		};
		F70AE7C21FF3344F00A1A6A2 /* Demo2 */ = {
			isa = PBXGroup;
			children = (
				F70AE7E31FF37A4700A1A6A2 /* Demo2ViewController.h */,
				F70AE7E41FF37A4700A1A6A2 /* Demo2ViewController.m */,
				F70AE7E61FF380E200A1A6A2 /* Demo2CustomView.h */,
				F70AE7E71FF380E200A1A6A2 /* Demo2CustomView.m */,
				F70AE7E91FF380EC00A1A6A2 /* Demo2CustomView.xib */,
			);
			path = Demo2;
			sourceTree = "<group>";
		};
		F70AE7C31FF3344F00A1A6A2 /* Demo3 */ = {
			isa = PBXGroup;
			children = (
				F70AE7EB1FF38B4500A1A6A2 /* Demo3ViewController.h */,
				F70AE7EC1FF38B4500A1A6A2 /* Demo3ViewController.m */,
			);
			path = Demo3;
			sourceTree = "<group>";
		};
		F70AE7C51FF3344F00A1A6A2 /* Demo1 */ = {
			isa = PBXGroup;
			children = (
				F70AE7DD1FF3447D00A1A6A2 /* Demo1ViewController.h */,
				F70AE7DE1FF3447D00A1A6A2 /* Demo1ViewController.m */,
			);
			path = Demo1;
			sourceTree = "<group>";
		};
		F70AE7C61FF334BA00A1A6A2 /* Tools */ = {
			isa = PBXGroup;
			children = (
				F70AE7C71FF334BA00A1A6A2 /* UIAlertController */,
				F70AE7CA1FF334BA00A1A6A2 /* XC_OptonsView */,
				F70AE7D01FF334BA00A1A6A2 /* Share_view */,
			);
			path = Tools;
			sourceTree = "<group>";
		};
		F70AE7C71FF334BA00A1A6A2 /* UIAlertController */ = {
			isa = PBXGroup;
			children = (
				F70AE7C81FF334BA00A1A6A2 /* CGM_AlertContoller.h */,
				F70AE7C91FF334BA00A1A6A2 /* CGM_AlertContoller.m */,
			);
			path = UIAlertController;
			sourceTree = "<group>";
		};
		F70AE7CA1FF334BA00A1A6A2 /* XC_OptonsView */ = {
			isa = PBXGroup;
			children = (
				F70AE7CB1FF334BA00A1A6A2 /* XC_OptionView.h */,
				F70AE7CE1FF334BA00A1A6A2 /* XC_OptionView.m */,
				F70AE7CF1FF334BA00A1A6A2 /* XC_optionViewCell.h */,
				F70AE7CC1FF334BA00A1A6A2 /* XC_optionViewCell.m */,
				F70AE7CD1FF334BA00A1A6A2 /* XC_optionViewCell.xib */,
				F7A5387A2008EEB100488DA3 /* XC_optionsModel.h */,
				F7A5387B2008EEB100488DA3 /* XC_optionsModel.m */,
			);
			path = XC_OptonsView;
			sourceTree = "<group>";
		};
		F70AE7D01FF334BA00A1A6A2 /* Share_view */ = {
			isa = PBXGroup;
			children = (
				F70AE7D31FF334BA00A1A6A2 /* CGM_shareView.h */,
				F70AE7D11FF334BA00A1A6A2 /* CGM_shareView.m */,
				F70AE7D41FF334BA00A1A6A2 /* CGM_shareCell.h */,
				F70AE7D21FF334BA00A1A6A2 /* CGM_shareCell.m */,
				F70AE7D51FF334BA00A1A6A2 /* CGM_shareCell.xib */,
			);
			path = Share_view;
			sourceTree = "<group>";
		};
/* End PBXGroup section */

/* Begin PBXNativeTarget section */
		1853B0F41F00F6A50061491D /* CGM_ShareAutoView */ = {
			isa = PBXNativeTarget;
			buildConfigurationList = 1853B1221F00F6A50061491D /* Build configuration list for PBXNativeTarget "CGM_ShareAutoView" */;
			buildPhases = (
				1853B0F11F00F6A50061491D /* Sources */,
				1853B0F21F00F6A50061491D /* Frameworks */,
				1853B0F31F00F6A50061491D /* Resources */,
			);
			buildRules = (
			);
			dependencies = (
			);
			name = CGM_ShareAutoView;
			productName = CGM_ShareAutoView;
			productReference = 1853B0F51F00F6A50061491D /* CGM_ShareAutoView.app */;
			productType = "com.apple.product-type.application";
		};
		1853B10D1F00F6A50061491D /* CGM_ShareAutoViewTests */ = {
			isa = PBXNativeTarget;
			buildConfigurationList = 1853B1251F00F6A50061491D /* Build configuration list for PBXNativeTarget "CGM_ShareAutoViewTests" */;
			buildPhases = (
				1853B10A1F00F6A50061491D /* Sources */,
				1853B10B1F00F6A50061491D /* Frameworks */,
				1853B10C1F00F6A50061491D /* Resources */,
			);
			buildRules = (
			);
			dependencies = (
				1853B1101F00F6A50061491D /* PBXTargetDependency */,
			);
			name = CGM_ShareAutoViewTests;
			productName = CGM_ShareAutoViewTests;
			productReference = 1853B10E1F00F6A50061491D /* CGM_ShareAutoViewTests.xctest */;
			productType = "com.apple.product-type.bundle.unit-test";
		};
		1853B1181F00F6A50061491D /* CGM_ShareAutoViewUITests */ = {
			isa = PBXNativeTarget;
			buildConfigurationList = 1853B1281F00F6A50061491D /* Build configuration list for PBXNativeTarget "CGM_ShareAutoViewUITests" */;
			buildPhases = (
				1853B1151F00F6A50061491D /* Sources */,
				1853B1161F00F6A50061491D /* Frameworks */,
				1853B1171F00F6A50061491D /* Resources */,
			);
			buildRules = (
			);
			dependencies = (
				1853B11B1F00F6A50061491D /* PBXTargetDependency */,
			);
			name = CGM_ShareAutoViewUITests;
			productName = CGM_ShareAutoViewUITests;
			productReference = 1853B1191F00F6A50061491D /* CGM_ShareAutoViewUITests.xctest */;
			productType = "com.apple.product-type.bundle.ui-testing";
		};
/* End PBXNativeTarget section */

/* Begin PBXProject section */
		1853B0ED1F00F6A50061491D /* Project object */ = {
			isa = PBXProject;
			attributes = {
				LastUpgradeCheck = 0800;
				ORGANIZATIONNAME = apple;
				TargetAttributes = {
					1853B0F41F00F6A50061491D = {
						CreatedOnToolsVersion = 8.0;
						DevelopmentTeam = 85X7688G9T;
						ProvisioningStyle = Automatic;
					};
					1853B10D1F00F6A50061491D = {
						CreatedOnToolsVersion = 8.0;
						ProvisioningStyle = Automatic;
						TestTargetID = 1853B0F41F00F6A50061491D;
					};
					1853B1181F00F6A50061491D = {
						CreatedOnToolsVersion = 8.0;
						ProvisioningStyle = Automatic;
						TestTargetID = 1853B0F41F00F6A50061491D;
					};
				};
			};
			buildConfigurationList = 1853B0F01F00F6A50061491D /* Build configuration list for PBXProject "CGM_ShareAutoView" */;
			compatibilityVersion = "Xcode 3.2";
			developmentRegion = English;
			hasScannedForEncodings = 0;
			knownRegions = (
				en,
				Base,
			);
			mainGroup = 1853B0EC1F00F6A50061491D;
			productRefGroup = 1853B0F61F00F6A50061491D /* Products */;
			projectDirPath = "";
			projectRoot = "";
			targets = (
				1853B0F41F00F6A50061491D /* CGM_ShareAutoView */,
				1853B10D1F00F6A50061491D /* CGM_ShareAutoViewTests */,
				1853B1181F00F6A50061491D /* CGM_ShareAutoViewUITests */,
			);
		};
/* End PBXProject section */

/* Begin PBXResourcesBuildPhase section */
		1853B0F31F00F6A50061491D /* Resources */ = {
			isa = PBXResourcesBuildPhase;
			buildActionMask = 2147483647;
			files = (
				F70AE7EA1FF380EC00A1A6A2 /* Demo2CustomView.xib in Resources */,
				F70AE7B81FF330A800A1A6A2 /* LaunchScreen.storyboard in Resources */,
				F70AE7DC1FF334BA00A1A6A2 /* CGM_shareCell.xib in Resources */,
				F70AE7D81FF334BA00A1A6A2 /* XC_optionViewCell.xib in Resources */,
				F70AE7BC1FF330A800A1A6A2 /* Info.plist in Resources */,
				F70AE7B91FF330A800A1A6A2 /* Main.storyboard in Resources */,
				F70AE7B61FF330A800A1A6A2 /* Assets.xcassets in Resources */,
			);
			runOnlyForDeploymentPostprocessing = 0;
		};
		1853B10C1F00F6A50061491D /* Resources */ = {
			isa = PBXResourcesBuildPhase;
			buildActionMask = 2147483647;
			files = (
			);
			runOnlyForDeploymentPostprocessing = 0;
		};
		1853B1171F00F6A50061491D /* Resources */ = {
			isa = PBXResourcesBuildPhase;
			buildActionMask = 2147483647;
			files = (
			);
			runOnlyForDeploymentPostprocessing = 0;
		};
/* End PBXResourcesBuildPhase section */

/* Begin PBXSourcesBuildPhase section */
		1853B0F11F00F6A50061491D /* Sources */ = {
			isa = PBXSourcesBuildPhase;
			buildActionMask = 2147483647;
			files = (
				F70AE7D71FF334BA00A1A6A2 /* XC_optionViewCell.m in Sources */,
				F70AE7E81FF380E200A1A6A2 /* Demo2CustomView.m in Sources */,
				F70AE7E21FF3787F00A1A6A2 /* Foundation+Log.m in Sources */,
				F70AE7BB1FF330A800A1A6A2 /* AppDelegate.m in Sources */,
				F70AE7DA1FF334BA00A1A6A2 /* CGM_shareView.m in Sources */,
				F70AE7DB1FF334BA00A1A6A2 /* CGM_shareCell.m in Sources */,
				F70AE7BA1FF330A800A1A6A2 /* main.m in Sources */,
				F70AE7D91FF334BA00A1A6A2 /* XC_OptionView.m in Sources */,
				F70AE7B71FF330A800A1A6A2 /* ViewController.m in Sources */,
				F7A5387C2008EEB100488DA3 /* XC_optionsModel.m in Sources */,
				F70AE7ED1FF38B4500A1A6A2 /* Demo3ViewController.m in Sources */,
				F70AE7E51FF37A4700A1A6A2 /* Demo2ViewController.m in Sources */,
				F70AE7DF1FF3447D00A1A6A2 /* Demo1ViewController.m in Sources */,
				F70AE7D61FF334BA00A1A6A2 /* CGM_AlertContoller.m in Sources */,
			);
			runOnlyForDeploymentPostprocessing = 0;
		};
		1853B10A1F00F6A50061491D /* Sources */ = {
			isa = PBXSourcesBuildPhase;
			buildActionMask = 2147483647;
			files = (
				1853B1131F00F6A50061491D /* CGM_ShareAutoViewTests.m in Sources */,
			);
			runOnlyForDeploymentPostprocessing = 0;
		};
		1853B1151F00F6A50061491D /* Sources */ = {
			isa = PBXSourcesBuildPhase;
			buildActionMask = 2147483647;
			files = (
				1853B11E1F00F6A50061491D /* CGM_ShareAutoViewUITests.m in Sources */,
			);
			runOnlyForDeploymentPostprocessing = 0;
		};
/* End PBXSourcesBuildPhase section */

/* Begin PBXTargetDependency section */
		1853B1101F00F6A50061491D /* PBXTargetDependency */ = {
			isa = PBXTargetDependency;
			target = 1853B0F41F00F6A50061491D /* CGM_ShareAutoView */;
			targetProxy = 1853B10F1F00F6A50061491D /* PBXContainerItemProxy */;
		};
		1853B11B1F00F6A50061491D /* PBXTargetDependency */ = {
			isa = PBXTargetDependency;
			target = 1853B0F41F00F6A50061491D /* CGM_ShareAutoView */;
			targetProxy = 1853B11A1F00F6A50061491D /* PBXContainerItemProxy */;
		};
/* End PBXTargetDependency section */

/* Begin PBXVariantGroup section */
		F70AE7AE1FF330A800A1A6A2 /* LaunchScreen.storyboard */ = {
			isa = PBXVariantGroup;
			children = (
				F70AE7AF1FF330A800A1A6A2 /* Base */,
			);
			name = LaunchScreen.storyboard;
			sourceTree = "<group>";
		};
		F70AE7B01FF330A800A1A6A2 /* Main.storyboard */ = {
			isa = PBXVariantGroup;
			children = (
				F70AE7B11FF330A800A1A6A2 /* Base */,
			);
			name = Main.storyboard;
			sourceTree = "<group>";
		};
/* End PBXVariantGroup section */

/* Begin XCBuildConfiguration section */
		1853B1201F00F6A50061491D /* Debug */ = {
			isa = XCBuildConfiguration;
			buildSettings = {
				ALWAYS_SEARCH_USER_PATHS = NO;
				CLANG_ANALYZER_NONNULL = YES;
				CLANG_CXX_LANGUAGE_STANDARD = "gnu++0x";
				CLANG_CXX_LIBRARY = "libc++";
				CLANG_ENABLE_MODULES = YES;
				CLANG_ENABLE_OBJC_ARC = YES;
				CLANG_WARN_BOOL_CONVERSION = YES;
				CLANG_WARN_CONSTANT_CONVERSION = YES;
				CLANG_WARN_DIRECT_OBJC_ISA_USAGE = YES_ERROR;
				CLANG_WARN_DOCUMENTATION_COMMENTS = YES;
				CLANG_WARN_EMPTY_BODY = YES;
				CLANG_WARN_ENUM_CONVERSION = YES;
				CLANG_WARN_INFINITE_RECURSION = YES;
				CLANG_WARN_INT_CONVERSION = YES;
				CLANG_WARN_OBJC_ROOT_CLASS = YES_ERROR;
				CLANG_WARN_SUSPICIOUS_MOVES = YES;
				CLANG_WARN_UNREACHABLE_CODE = YES;
				CLANG_WARN__DUPLICATE_METHOD_MATCH = YES;
				"CODE_SIGN_IDENTITY[sdk=iphoneos*]" = "iPhone Developer";
				COPY_PHASE_STRIP = NO;
				DEBUG_INFORMATION_FORMAT = dwarf;
				ENABLE_STRICT_OBJC_MSGSEND = YES;
				ENABLE_TESTABILITY = YES;
				GCC_C_LANGUAGE_STANDARD = gnu99;
				GCC_DYNAMIC_NO_PIC = NO;
				GCC_NO_COMMON_BLOCKS = YES;
				GCC_OPTIMIZATION_LEVEL = 0;
				GCC_PREPROCESSOR_DEFINITIONS = (
					"DEBUG=1",
					"$(inherited)",
				);
				GCC_WARN_64_TO_32_BIT_CONVERSION = YES;
				GCC_WARN_ABOUT_RETURN_TYPE = YES_ERROR;
				GCC_WARN_UNDECLARED_SELECTOR = YES;
				GCC_WARN_UNINITIALIZED_AUTOS = YES_AGGRESSIVE;
				GCC_WARN_UNUSED_FUNCTION = YES;
				GCC_WARN_UNUSED_VARIABLE = YES;
				IPHONEOS_DEPLOYMENT_TARGET = 10.0;
				MTL_ENABLE_DEBUG_INFO = YES;
				ONLY_ACTIVE_ARCH = YES;
				SDKROOT = iphoneos;
			};
			name = Debug;
		};
		1853B1211F00F6A50061491D /* Release */ = {
			isa = XCBuildConfiguration;
			buildSettings = {
				ALWAYS_SEARCH_USER_PATHS = NO;
				CLANG_ANALYZER_NONNULL = YES;
				CLANG_CXX_LANGUAGE_STANDARD = "gnu++0x";
				CLANG_CXX_LIBRARY = "libc++";
				CLANG_ENABLE_MODULES = YES;
				CLANG_ENABLE_OBJC_ARC = YES;
				CLANG_WARN_BOOL_CONVERSION = YES;
				CLANG_WARN_CONSTANT_CONVERSION = YES;
				CLANG_WARN_DIRECT_OBJC_ISA_USAGE = YES_ERROR;
				CLANG_WARN_DOCUMENTATION_COMMENTS = YES;
				CLANG_WARN_EMPTY_BODY = YES;
				CLANG_WARN_ENUM_CONVERSION = YES;
				CLANG_WARN_INFINITE_RECURSION = YES;
				CLANG_WARN_INT_CONVERSION = YES;
				CLANG_WARN_OBJC_ROOT_CLASS = YES_ERROR;
				CLANG_WARN_SUSPICIOUS_MOVES = YES;
				CLANG_WARN_UNREACHABLE_CODE = YES;
				CLANG_WARN__DUPLICATE_METHOD_MATCH = YES;
				"CODE_SIGN_IDENTITY[sdk=iphoneos*]" = "iPhone Developer";
				COPY_PHASE_STRIP = NO;
				DEBUG_INFORMATION_FORMAT = "dwarf-with-dsym";
				ENABLE_NS_ASSERTIONS = NO;
				ENABLE_STRICT_OBJC_MSGSEND = YES;
				GCC_C_LANGUAGE_STANDARD = gnu99;
				GCC_NO_COMMON_BLOCKS = YES;
				GCC_WARN_64_TO_32_BIT_CONVERSION = YES;
				GCC_WARN_ABOUT_RETURN_TYPE = YES_ERROR;
				GCC_WARN_UNDECLARED_SELECTOR = YES;
				GCC_WARN_UNINITIALIZED_AUTOS = YES_AGGRESSIVE;
				GCC_WARN_UNUSED_FUNCTION = YES;
				GCC_WARN_UNUSED_VARIABLE = YES;
				IPHONEOS_DEPLOYMENT_TARGET = 10.0;
				MTL_ENABLE_DEBUG_INFO = NO;
				SDKROOT = iphoneos;
				VALIDATE_PRODUCT = YES;
			};
			name = Release;
		};
		1853B1231F00F6A50061491D /* Debug */ = {
			isa = XCBuildConfiguration;
			buildSettings = {
				ASSETCATALOG_COMPILER_APPICON_NAME = AppIcon;
				DEVELOPMENT_TEAM = 85X7688G9T;
				GCC_PREFIX_HEADER = $SRCROOT/CGM_ShareAutoView/PrefixHeader.pch;
				INFOPLIST_FILE = CGM_ShareAutoView/Info.plist;
				IPHONEOS_DEPLOYMENT_TARGET = 8.0;
				LD_RUNPATH_SEARCH_PATHS = "$(inherited) @executable_path/Frameworks";
				PRODUCT_BUNDLE_IDENTIFIER = "cn.xc.CGM-ShareAutoView";
				PRODUCT_NAME = "$(TARGET_NAME)";
			};
			name = Debug;
		};
		1853B1241F00F6A50061491D /* Release */ = {
			isa = XCBuildConfiguration;
			buildSettings = {
				ASSETCATALOG_COMPILER_APPICON_NAME = AppIcon;
				DEVELOPMENT_TEAM = 85X7688G9T;
				GCC_PREFIX_HEADER = $SRCROOT/CGM_ShareAutoView/PrefixHeader.pch;
				INFOPLIST_FILE = CGM_ShareAutoView/Info.plist;
				IPHONEOS_DEPLOYMENT_TARGET = 8.0;
				LD_RUNPATH_SEARCH_PATHS = "$(inherited) @executable_path/Frameworks";
				PRODUCT_BUNDLE_IDENTIFIER = "cn.xc.CGM-ShareAutoView";
				PRODUCT_NAME = "$(TARGET_NAME)";
			};
			name = Release;
		};
		1853B1261F00F6A50061491D /* Debug */ = {
			isa = XCBuildConfiguration;
			buildSettings = {
				BUNDLE_LOADER = "$(TEST_HOST)";
				INFOPLIST_FILE = CGM_ShareAutoViewTests/Info.plist;
				LD_RUNPATH_SEARCH_PATHS = "$(inherited) @executable_path/Frameworks @loader_path/Frameworks";
				PRODUCT_BUNDLE_IDENTIFIER = "cn.xc.CGM-ShareAutoViewTests";
				PRODUCT_NAME = "$(TARGET_NAME)";
				TEST_HOST = "$(BUILT_PRODUCTS_DIR)/CGM_ShareAutoView.app/CGM_ShareAutoView";
			};
			name = Debug;
		};
		1853B1271F00F6A50061491D /* Release */ = {
			isa = XCBuildConfiguration;
			buildSettings = {
				BUNDLE_LOADER = "$(TEST_HOST)";
				INFOPLIST_FILE = CGM_ShareAutoViewTests/Info.plist;
				LD_RUNPATH_SEARCH_PATHS = "$(inherited) @executable_path/Frameworks @loader_path/Frameworks";
				PRODUCT_BUNDLE_IDENTIFIER = "cn.xc.CGM-ShareAutoViewTests";
				PRODUCT_NAME = "$(TARGET_NAME)";
				TEST_HOST = "$(BUILT_PRODUCTS_DIR)/CGM_ShareAutoView.app/CGM_ShareAutoView";
			};
			name = Release;
		};
		1853B1291F00F6A50061491D /* Debug */ = {
			isa = XCBuildConfiguration;
			buildSettings = {
				INFOPLIST_FILE = CGM_ShareAutoViewUITests/Info.plist;
				LD_RUNPATH_SEARCH_PATHS = "$(inherited) @executable_path/Frameworks @loader_path/Frameworks";
				PRODUCT_BUNDLE_IDENTIFIER = "cn.xc.CGM-ShareAutoViewUITests";
				PRODUCT_NAME = "$(TARGET_NAME)";
				TEST_TARGET_NAME = CGM_ShareAutoView;
			};
			name = Debug;
		};
		1853B12A1F00F6A50061491D /* Release */ = {
			isa = XCBuildConfiguration;
			buildSettings = {
				INFOPLIST_FILE = CGM_ShareAutoViewUITests/Info.plist;
				LD_RUNPATH_SEARCH_PATHS = "$(inherited) @executable_path/Frameworks @loader_path/Frameworks";
				PRODUCT_BUNDLE_IDENTIFIER = "cn.xc.CGM-ShareAutoViewUITests";
				PRODUCT_NAME = "$(TARGET_NAME)";
				TEST_TARGET_NAME = CGM_ShareAutoView;
			};
			name = Release;
		};
/* End XCBuildConfiguration section */

/* Begin XCConfigurationList section */
		1853B0F01F00F6A50061491D /* Build configuration list for PBXProject "CGM_ShareAutoView" */ = {
			isa = XCConfigurationList;
			buildConfigurations = (
				1853B1201F00F6A50061491D /* Debug */,
				1853B1211F00F6A50061491D /* Release */,
			);
			defaultConfigurationIsVisible = 0;
			defaultConfigurationName = Release;
		};
		1853B1221F00F6A50061491D /* Build configuration list for PBXNativeTarget "CGM_ShareAutoView" */ = {
			isa = XCConfigurationList;
			buildConfigurations = (
				1853B1231F00F6A50061491D /* Debug */,
				1853B1241F00F6A50061491D /* Release */,
			);
			defaultConfigurationIsVisible = 0;
			defaultConfigurationName = Release;
		};
		1853B1251F00F6A50061491D /* Build configuration list for PBXNativeTarget "CGM_ShareAutoViewTests" */ = {
			isa = XCConfigurationList;
			buildConfigurations = (
				1853B1261F00F6A50061491D /* Debug */,
				1853B1271F00F6A50061491D /* Release */,
			);
			defaultConfigurationIsVisible = 0;
			defaultConfigurationName = Release;
		};
		1853B1281F00F6A50061491D /* Build configuration list for PBXNativeTarget "CGM_ShareAutoViewUITests" */ = {
			isa = XCConfigurationList;
			buildConfigurations = (
				1853B1291F00F6A50061491D /* Debug */,
				1853B12A1F00F6A50061491D /* Release */,
			);
			defaultConfigurationIsVisible = 0;
			defaultConfigurationName = Release;
		};
/* End XCConfigurationList section */
	};
	rootObject = 1853B0ED1F00F6A50061491D /* Project object */;
}
